
Microsoft Visual Studio Solution File, Format Version 12.00
# Visual Studio Version 16
VisualStudioVersion = 16.0.29409.12
MinimumVisualStudioVersion = 10.0.40219.1
Project("{FAE04EC0-301F-11D3-BF4B-00C04F79EFBC}") = "Mantle.API", "Mantle.API\Mantle.API.csproj", "{2FE9A7AA-9199-4EEA-A377-9A571FF21030}"
EndProject
Global
	GlobalSection(SolutionConfigurationPlatforms) = preSolution
		Debug|Any CPU = Debug|Any CPU
		Release|Any CPU = Release|Any CPU
	EndGlobalSection
	GlobalSection(ProjectConfigurationPlatforms) = postSolution
		{2FE9A7AA-9199-4EEA-A377-9A571FF21030}.Debug|Any CPU.ActiveCfg = Debug|Any CPU
		{2FE9A7AA-9199-4EEA-A377-9A571FF21030}.Debug|Any CPU.Build.0 = Debug|Any CPU
		{2FE9A7AA-9199-4EEA-A377-9A571FF21030}.Release|Any CPU.ActiveCfg = Release|Any CPU
		{2FE9A7AA-9199-4EEA-A377-9A571FF21030}.Release|Any CPU.Build.0 = Release|Any CPU
	EndGlobalSection
	GlobalSection(SolutionProperties) = preSolution
		HideSolutionNode = FALSE
	EndGlobalSection
	GlobalSection(ExtensibilityGlobals) = postSolution
		SolutionGuid = {945CE1CE-765B-4DC3-80FA-DF74DAB4E2B7}
	EndGlobalSection
EndGlobal
